
Microsoft Visual Studio Solution File, Format Version 12.00
# Visual Studio Version 16
VisualStudioVersion = 16.0.28803.352
MinimumVisualStudioVersion = 10.0.40219.1
Project("{FAE04EC0-301F-11D3-BF4B-00C04F79EFBC}") = "TMS_Api", "TMS_Api\TMS_Api.csproj", "{DA1747BE-2169-4586-A4C9-DD5427274CC6}"
EndProject
Global
	GlobalSection(SolutionConfigurationPlatforms) = preSolution
		Debug|Any CPU = Debug|Any CPU
		Release|Any CPU = Release|Any CPU
	EndGlobalSection
	GlobalSection(ProjectConfigurationPlatforms) = postSolution
		{DA1747BE-2169-4586-A4C9-DD5427274CC6}.Debug|Any CPU.ActiveCfg = Debug|Any CPU
		{DA1747BE-2169-4586-A4C9-DD5427274CC6}.Debug|Any CPU.Build.0 = Debug|Any CPU
		{DA1747BE-2169-4586-A4C9-DD5427274CC6}.Release|Any CPU.ActiveCfg = Release|Any CPU
		{DA1747BE-2169-4586-A4C9-DD5427274CC6}.Release|Any CPU.Build.0 = Release|Any CPU
	EndGlobalSection
	GlobalSection(SolutionProperties) = preSolution
		HideSolutionNode = FALSE
	EndGlobalSection
	GlobalSection(ExtensibilityGlobals) = postSolution
		SolutionGuid = {72BF071D-3DEC-4E55-8D68-120F4763BEE5}
	EndGlobalSection
EndGlobal
